// !$*UTF8*$!
{
	archiveVersion = 1;
	classes = {
	};
	objectVersion = 50;
	objects = {

/* Begin PBXBuildFile section */
		05D914922694CEF700678B58 /* AppDelegate.swift in Sources */ = {isa = PBXBuildFile; fileRef = 05D914912694CEF700678B58 /* AppDelegate.swift */; };
		05D914942694CEF700678B58 /* SceneDelegate.swift in Sources */ = {isa = PBXBuildFile; fileRef = 05D914932694CEF700678B58 /* SceneDelegate.swift */; };
		05D914962694CEF700678B58 /* ContentView.swift in Sources */ = {isa = PBXBuildFile; fileRef = 05D914952694CEF700678B58 /* ContentView.swift */; };
		05D914982694CEFA00678B58 /* Assets.xcassets in Resources */ = {isa = PBXBuildFile; fileRef = 05D914972694CEFA00678B58 /* Assets.xcassets */; };
		05D9149B2694CEFA00678B58 /* Preview Assets.xcassets in Resources */ = {isa = PBXBuildFile; fileRef = 05D9149A2694CEFA00678B58 /* Preview Assets.xcassets */; };
		05D9149E2694CEFA00678B58 /* LaunchScreen.storyboard in Resources */ = {isa = PBXBuildFile; fileRef = 05D9149C2694CEFA00678B58 /* LaunchScreen.storyboard */; };
		05D914A92694CEFA00678B58 /* coursesAppTests.swift in Sources */ = {isa = PBXBuildFile; fileRef = 05D914A82694CEFA00678B58 /* coursesAppTests.swift */; };
		05D914B42694CEFA00678B58 /* coursesAppUITests.swift in Sources */ = {isa = PBXBuildFile; fileRef = 05D914B32694CEFA00678B58 /* coursesAppUITests.swift */; };
		05D914C22694D47100678B58 /* MockTest.swift in Sources */ = {isa = PBXBuildFile; fileRef = 05D914C12694D47100678B58 /* MockTest.swift */; };
		05D914C426955E8C00678B58 /* MockTestDetailView.swift in Sources */ = {isa = PBXBuildFile; fileRef = 05D914C326955E8C00678B58 /* MockTestDetailView.swift */; };
/* End PBXBuildFile section */

/* Begin PBXContainerItemProxy section */
		05D914A52694CEFA00678B58 /* PBXContainerItemProxy */ = {
			isa = PBXContainerItemProxy;
			containerPortal = 05D914862694CEF700678B58 /* Project object */;
			proxyType = 1;
			remoteGlobalIDString = 05D9148D2694CEF700678B58;
			remoteInfo = coursesApp;
		};
		05D914B02694CEFA00678B58 /* PBXContainerItemProxy */ = {
			isa = PBXContainerItemProxy;
			containerPortal = 05D914862694CEF700678B58 /* Project object */;
			proxyType = 1;
			remoteGlobalIDString = 05D9148D2694CEF700678B58;
			remoteInfo = coursesApp;
		};
/* End PBXContainerItemProxy section */

/* Begin PBXFileReference section */
		05D9148E2694CEF700678B58 /* coursesApp.app */ = {isa = PBXFileReference; explicitFileType = wrapper.application; includeInIndex = 0; path = coursesApp.app; sourceTree = BUILT_PRODUCTS_DIR; };
		05D914912694CEF700678B58 /* AppDelegate.swift */ = {isa = PBXFileReference; lastKnownFileType = sourcecode.swift; path = AppDelegate.swift; sourceTree = "<group>"; };
		05D914932694CEF700678B58 /* SceneDelegate.swift */ = {isa = PBXFileReference; lastKnownFileType = sourcecode.swift; path = SceneDelegate.swift; sourceTree = "<group>"; };
		05D914952694CEF700678B58 /* ContentView.swift */ = {isa = PBXFileReference; lastKnownFileType = sourcecode.swift; path = ContentView.swift; sourceTree = "<group>"; };
		05D914972694CEFA00678B58 /* Assets.xcassets */ = {isa = PBXFileReference; lastKnownFileType = folder.assetcatalog; path = Assets.xcassets; sourceTree = "<group>"; };
		05D9149A2694CEFA00678B58 /* Preview Assets.xcassets */ = {isa = PBXFileReference; lastKnownFileType = folder.assetcatalog; path = "Preview Assets.xcassets"; sourceTree = "<group>"; };
		05D9149D2694CEFA00678B58 /* Base */ = {isa = PBXFileReference; lastKnownFileType = file.storyboard; name = Base; path = Base.lproj/LaunchScreen.storyboard; sourceTree = "<group>"; };
		05D9149F2694CEFA00678B58 /* Info.plist */ = {isa = PBXFileReference; lastKnownFileType = text.plist.xml; path = Info.plist; sourceTree = "<group>"; };
		05D914A42694CEFA00678B58 /* coursesAppTests.xctest */ = {isa = PBXFileReference; explicitFileType = wrapper.cfbundle; includeInIndex = 0; path = coursesAppTests.xctest; sourceTree = BUILT_PRODUCTS_DIR; };
		05D914A82694CEFA00678B58 /* coursesAppTests.swift */ = {isa = PBXFileReference; lastKnownFileType = sourcecode.swift; path = coursesAppTests.swift; sourceTree = "<group>"; };
		05D914AA2694CEFA00678B58 /* Info.plist */ = {isa = PBXFileReference; lastKnownFileType = text.plist.xml; path = Info.plist; sourceTree = "<group>"; };
		05D914AF2694CEFA00678B58 /* coursesAppUITests.xctest */ = {isa = PBXFileReference; explicitFileType = wrapper.cfbundle; includeInIndex = 0; path = coursesAppUITests.xctest; sourceTree = BUILT_PRODUCTS_DIR; };
		05D914B32694CEFA00678B58 /* coursesAppUITests.swift */ = {isa = PBXFileReference; lastKnownFileType = sourcecode.swift; path = coursesAppUITests.swift; sourceTree = "<group>"; };
		05D914B52694CEFA00678B58 /* Info.plist */ = {isa = PBXFileReference; lastKnownFileType = text.plist.xml; path = Info.plist; sourceTree = "<group>"; };
		05D914C12694D47100678B58 /* MockTest.swift */ = {isa = PBXFileReference; lastKnownFileType = sourcecode.swift; path = MockTest.swift; sourceTree = "<group>"; };
		05D914C326955E8C00678B58 /* MockTestDetailView.swift */ = {isa = PBXFileReference; lastKnownFileType = sourcecode.swift; path = MockTestDetailView.swift; sourceTree = "<group>"; };
/* End PBXFileReference section */

/* Begin PBXFrameworksBuildPhase section */
		05D9148B2694CEF700678B58 /* Frameworks */ = {
			isa = PBXFrameworksBuildPhase;
			buildActionMask = 2147483647;
			files = (
			);
			runOnlyForDeploymentPostprocessing = 0;
		};
		05D914A12694CEFA00678B58 /* Frameworks */ = {
			isa = PBXFrameworksBuildPhase;
			buildActionMask = 2147483647;
			files = (
			);
			runOnlyForDeploymentPostprocessing = 0;
		};
		05D914AC2694CEFA00678B58 /* Frameworks */ = {
			isa = PBXFrameworksBuildPhase;
			buildActionMask = 2147483647;
			files = (
			);
			runOnlyForDeploymentPostprocessing = 0;
		};
/* End PBXFrameworksBuildPhase section */

/* Begin PBXGroup section */
		05D914852694CEF700678B58 = {
			isa = PBXGroup;
			children = (
				05D914902694CEF700678B58 /* coursesApp */,
				05D914A72694CEFA00678B58 /* coursesAppTests */,
				05D914B22694CEFA00678B58 /* coursesAppUITests */,
				05D9148F2694CEF700678B58 /* Products */,
			);
			sourceTree = "<group>";
		};
		05D9148F2694CEF700678B58 /* Products */ = {
			isa = PBXGroup;
			children = (
				05D9148E2694CEF700678B58 /* coursesApp.app */,
				05D914A42694CEFA00678B58 /* coursesAppTests.xctest */,
				05D914AF2694CEFA00678B58 /* coursesAppUITests.xctest */,
			);
			name = Products;
			sourceTree = "<group>";
		};
		05D914902694CEF700678B58 /* coursesApp */ = {
			isa = PBXGroup;
			children = (
				05D914912694CEF700678B58 /* AppDelegate.swift */,
				05D914932694CEF700678B58 /* SceneDelegate.swift */,
				05D914952694CEF700678B58 /* ContentView.swift */,
				05D914972694CEFA00678B58 /* Assets.xcassets */,
				05D9149C2694CEFA00678B58 /* LaunchScreen.storyboard */,
				05D9149F2694CEFA00678B58 /* Info.plist */,
				05D914992694CEFA00678B58 /* Preview Content */,
				05D914C12694D47100678B58 /* MockTest.swift */,
				05D914C326955E8C00678B58 /* MockTestDetailView.swift */,
			);
			path = coursesApp;
			sourceTree = "<group>";
		};
		05D914992694CEFA00678B58 /* Preview Content */ = {
			isa = PBXGroup;
			children = (
				05D9149A2694CEFA00678B58 /* Preview Assets.xcassets */,
			);
			path = "Preview Content";
			sourceTree = "<group>";
		};
		05D914A72694CEFA00678B58 /* coursesAppTests */ = {
			isa = PBXGroup;
			children = (
				05D914A82694CEFA00678B58 /* coursesAppTests.swift */,
				05D914AA2694CEFA00678B58 /* Info.plist */,
			);
			path = coursesAppTests;
			sourceTree = "<group>";
		};
		05D914B22694CEFA00678B58 /* coursesAppUITests */ = {
			isa = PBXGroup;
			children = (
				05D914B32694CEFA00678B58 /* coursesAppUITests.swift */,
				05D914B52694CEFA00678B58 /* Info.plist */,
			);
			path = coursesAppUITests;
			sourceTree = "<group>";
		};
/* End PBXGroup section */

/* Begin PBXNativeTarget section */
		05D9148D2694CEF700678B58 /* coursesApp */ = {
			isa = PBXNativeTarget;
			buildConfigurationList = 05D914B82694CEFA00678B58 /* Build configuration list for PBXNativeTarget "coursesApp" */;
			buildPhases = (
				05D9148A2694CEF700678B58 /* Sources */,
				05D9148B2694CEF700678B58 /* Frameworks */,
				05D9148C2694CEF700678B58 /* Resources */,
			);
			buildRules = (
			);
			dependencies = (
			);
			name = coursesApp;
			productName = coursesApp;
			productReference = 05D9148E2694CEF700678B58 /* coursesApp.app */;
			productType = "com.apple.product-type.application";
		};
		05D914A32694CEFA00678B58 /* coursesAppTests */ = {
			isa = PBXNativeTarget;
			buildConfigurationList = 05D914BB2694CEFA00678B58 /* Build configuration list for PBXNativeTarget "coursesAppTests" */;
			buildPhases = (
				05D914A02694CEFA00678B58 /* Sources */,
				05D914A12694CEFA00678B58 /* Frameworks */,
				05D914A22694CEFA00678B58 /* Resources */,
			);
			buildRules = (
			);
			dependencies = (
				05D914A62694CEFA00678B58 /* PBXTargetDependency */,
			);
			name = coursesAppTests;
			productName = coursesAppTests;
			productReference = 05D914A42694CEFA00678B58 /* coursesAppTests.xctest */;
			productType = "com.apple.product-type.bundle.unit-test";
		};
		05D914AE2694CEFA00678B58 /* coursesAppUITests */ = {
			isa = PBXNativeTarget;
			buildConfigurationList = 05D914BE2694CEFA00678B58 /* Build configuration list for PBXNativeTarget "coursesAppUITests" */;
			buildPhases = (
				05D914AB2694CEFA00678B58 /* Sources */,
				05D914AC2694CEFA00678B58 /* Frameworks */,
				05D914AD2694CEFA00678B58 /* Resources */,
			);
			buildRules = (
			);
			dependencies = (
				05D914B12694CEFA00678B58 /* PBXTargetDependency */,
			);
			name = coursesAppUITests;
			productName = coursesAppUITests;
			productReference = 05D914AF2694CEFA00678B58 /* coursesAppUITests.xctest */;
			productType = "com.apple.product-type.bundle.ui-testing";
		};
/* End PBXNativeTarget section */

/* Begin PBXProject section */
		05D914862694CEF700678B58 /* Project object */ = {
			isa = PBXProject;
			attributes = {
				LastSwiftUpdateCheck = 1250;
				LastUpgradeCheck = 1250;
				TargetAttributes = {
					05D9148D2694CEF700678B58 = {
						CreatedOnToolsVersion = 12.5.1;
					};
					05D914A32694CEFA00678B58 = {
						CreatedOnToolsVersion = 12.5.1;
						TestTargetID = 05D9148D2694CEF700678B58;
					};
					05D914AE2694CEFA00678B58 = {
						CreatedOnToolsVersion = 12.5.1;
						TestTargetID = 05D9148D2694CEF700678B58;
					};
				};
			};
			buildConfigurationList = 05D914892694CEF700678B58 /* Build configuration list for PBXProject "coursesApp" */;
			compatibilityVersion = "Xcode 9.3";
			developmentRegion = en;
			hasScannedForEncodings = 0;
			knownRegions = (
				en,
				Base,
			);
			mainGroup = 05D914852694CEF700678B58;
			productRefGroup = 05D9148F2694CEF700678B58 /* Products */;
			projectDirPath = "";
			projectRoot = "";
			targets = (
				05D9148D2694CEF700678B58 /* coursesApp */,
				05D914A32694CEFA00678B58 /* coursesAppTests */,
				05D914AE2694CEFA00678B58 /* coursesAppUITests */,
			);
		};
/* End PBXProject section */

/* Begin PBXResourcesBuildPhase section */
		05D9148C2694CEF700678B58 /* Resources */ = {
			isa = PBXResourcesBuildPhase;
			buildActionMask = 2147483647;
			files = (
				05D9149E2694CEFA00678B58 /* LaunchScreen.storyboard in Resources */,
				05D9149B2694CEFA00678B58 /* Preview Assets.xcassets in Resources */,
				05D914982694CEFA00678B58 /* Assets.xcassets in Resources */,
			);
			runOnlyForDeploymentPostprocessing = 0;
		};
		05D914A22694CEFA00678B58 /* Resources */ = {
			isa = PBXResourcesBuildPhase;
			buildActionMask = 2147483647;
			files = (
			);
			runOnlyForDeploymentPostprocessing = 0;
		};
		05D914AD2694CEFA00678B58 /* Resources */ = {
			isa = PBXResourcesBuildPhase;
			buildActionMask = 2147483647;
			files = (
			);
			runOnlyForDeploymentPostprocessing = 0;
		};
/* End PBXResourcesBuildPhase section */

/* Begin PBXSourcesBuildPhase section */
		05D9148A2694CEF700678B58 /* Sources */ = {
			isa = PBXSourcesBuildPhase;
			buildActionMask = 2147483647;
			files = (
				05D914C426955E8C00678B58 /* MockTestDetailView.swift in Sources */,
				05D914922694CEF700678B58 /* AppDelegate.swift in Sources */,
				05D914942694CEF700678B58 /* SceneDelegate.swift in Sources */,
				05D914962694CEF700678B58 /* ContentView.swift in Sources */,
				05D914C22694D47100678B58 /* MockTest.swift in Sources */,
			);
			runOnlyForDeploymentPostprocessing = 0;
		};
		05D914A02694CEFA00678B58 /* Sources */ = {
			isa = PBXSourcesBuildPhase;
			buildActionMask = 2147483647;
			files = (
				05D914A92694CEFA00678B58 /* coursesAppTests.swift in Sources */,
			);
			runOnlyForDeploymentPostprocessing = 0;
		};
		05D914AB2694CEFA00678B58 /* Sources */ = {
			isa = PBXSourcesBuildPhase;
			buildActionMask = 2147483647;
			files = (
				05D914B42694CEFA00678B58 /* coursesAppUITests.swift in Sources */,
			);
			runOnlyForDeploymentPostprocessing = 0;
		};
/* End PBXSourcesBuildPhase section */

/* Begin PBXTargetDependency section */
		05D914A62694CEFA00678B58 /* PBXTargetDependency */ = {
			isa = PBXTargetDependency;
			target = 05D9148D2694CEF700678B58 /* coursesApp */;
			targetProxy = 05D914A52694CEFA00678B58 /* PBXContainerItemProxy */;
		};
		05D914B12694CEFA00678B58 /* PBXTargetDependency */ = {
			isa = PBXTargetDependency;
			target = 05D9148D2694CEF700678B58 /* coursesApp */;
			targetProxy = 05D914B02694CEFA00678B58 /* PBXContainerItemProxy */;
		};
/* End PBXTargetDependency section */

/* Begin PBXVariantGroup section */
		05D9149C2694CEFA00678B58 /* LaunchScreen.storyboard */ = {
			isa = PBXVariantGroup;
			children = (
				05D9149D2694CEFA00678B58 /* Base */,
			);
			name = LaunchScreen.storyboard;
			sourceTree = "<group>";
		};
/* End PBXVariantGroup section */

/* Begin XCBuildConfiguration section */
		05D914B62694CEFA00678B58 /* Debug */ = {
			isa = XCBuildConfiguration;
			buildSettings = {
				ALWAYS_SEARCH_USER_PATHS = NO;
				CLANG_ANALYZER_NONNULL = YES;
				CLANG_ANALYZER_NUMBER_OBJECT_CONVERSION = YES_AGGRESSIVE;
				CLANG_CXX_LANGUAGE_STANDARD = "gnu++14";
				CLANG_CXX_LIBRARY = "libc++";
				CLANG_ENABLE_MODULES = YES;
				CLANG_ENABLE_OBJC_ARC = YES;
				CLANG_ENABLE_OBJC_WEAK = YES;
				CLANG_WARN_BLOCK_CAPTURE_AUTORELEASING = YES;
				CLANG_WARN_BOOL_CONVERSION = YES;
				CLANG_WARN_COMMA = YES;
				CLANG_WARN_CONSTANT_CONVERSION = YES;
				CLANG_WARN_DEPRECATED_OBJC_IMPLEMENTATIONS = YES;
				CLANG_WARN_DIRECT_OBJC_ISA_USAGE = YES_ERROR;
				CLANG_WARN_DOCUMENTATION_COMMENTS = YES;
				CLANG_WARN_EMPTY_BODY = YES;
				CLANG_WARN_ENUM_CONVERSION = YES;
				CLANG_WARN_INFINITE_RECURSION = YES;
				CLANG_WARN_INT_CONVERSION = YES;
				CLANG_WARN_NON_LITERAL_NULL_CONVERSION = YES;
				CLANG_WARN_OBJC_IMPLICIT_RETAIN_SELF = YES;
				CLANG_WARN_OBJC_LITERAL_CONVERSION = YES;
				CLANG_WARN_OBJC_ROOT_CLASS = YES_ERROR;
				CLANG_WARN_QUOTED_INCLUDE_IN_FRAMEWORK_HEADER = YES;
				CLANG_WARN_RANGE_LOOP_ANALYSIS = YES;
				CLANG_WARN_STRICT_PROTOTYPES = YES;
				CLANG_WARN_SUSPICIOUS_MOVE = YES;
				CLANG_WARN_UNGUARDED_AVAILABILITY = YES_AGGRESSIVE;
				CLANG_WARN_UNREACHABLE_CODE = YES;
				CLANG_WARN__DUPLICATE_METHOD_MATCH = YES;
				COPY_PHASE_STRIP = NO;
				DEBUG_INFORMATION_FORMAT = dwarf;
				ENABLE_STRICT_OBJC_MSGSEND = YES;
				ENABLE_TESTABILITY = YES;
				GCC_C_LANGUAGE_STANDARD = gnu11;
				GCC_DYNAMIC_NO_PIC = NO;
				GCC_NO_COMMON_BLOCKS = YES;
				GCC_OPTIMIZATION_LEVEL = 0;
				GCC_PREPROCESSOR_DEFINITIONS = (
					"DEBUG=1",
					"$(inherited)",
				);
				GCC_WARN_64_TO_32_BIT_CONVERSION = YES;
				GCC_WARN_ABOUT_RETURN_TYPE = YES_ERROR;
				GCC_WARN_UNDECLARED_SELECTOR = YES;
				GCC_WARN_UNINITIALIZED_AUTOS = YES_AGGRESSIVE;
				GCC_WARN_UNUSED_FUNCTION = YES;
				GCC_WARN_UNUSED_VARIABLE = YES;
				IPHONEOS_DEPLOYMENT_TARGET = 14.5;
				MTL_ENABLE_DEBUG_INFO = INCLUDE_SOURCE;
				MTL_FAST_MATH = YES;
				ONLY_ACTIVE_ARCH = YES;
				SDKROOT = iphoneos;
				SWIFT_ACTIVE_COMPILATION_CONDITIONS = DEBUG;
				SWIFT_OPTIMIZATION_LEVEL = "-Onone";
			};
			name = Debug;
		};
		05D914B72694CEFA00678B58 /* Release */ = {
			isa = XCBuildConfiguration;
			buildSettings = {
				ALWAYS_SEARCH_USER_PATHS = NO;
				CLANG_ANALYZER_NONNULL = YES;
				CLANG_ANALYZER_NUMBER_OBJECT_CONVERSION = YES_AGGRESSIVE;
				CLANG_CXX_LANGUAGE_STANDARD = "gnu++14";
				CLANG_CXX_LIBRARY = "libc++";
				CLANG_ENABLE_MODULES = YES;
				CLANG_ENABLE_OBJC_ARC = YES;
				CLANG_ENABLE_OBJC_WEAK = YES;
				CLANG_WARN_BLOCK_CAPTURE_AUTORELEASING = YES;
				CLANG_WARN_BOOL_CONVERSION = YES;
				CLANG_WARN_COMMA = YES;
				CLANG_WARN_CONSTANT_CONVERSION = YES;
				CLANG_WARN_DEPRECATED_OBJC_IMPLEMENTATIONS = YES;
				CLANG_WARN_DIRECT_OBJC_ISA_USAGE = YES_ERROR;
				CLANG_WARN_DOCUMENTATION_COMMENTS = YES;
				CLANG_WARN_EMPTY_BODY = YES;
				CLANG_WARN_ENUM_CONVERSION = YES;
				CLANG_WARN_INFINITE_RECURSION = YES;
				CLANG_WARN_INT_CONVERSION = YES;
				CLANG_WARN_NON_LITERAL_NULL_CONVERSION = YES;
				CLANG_WARN_OBJC_IMPLICIT_RETAIN_SELF = YES;
				CLANG_WARN_OBJC_LITERAL_CONVERSION = YES;
				CLANG_WARN_OBJC_ROOT_CLASS = YES_ERROR;
				CLANG_WARN_QUOTED_INCLUDE_IN_FRAMEWORK_HEADER = YES;
				CLANG_WARN_RANGE_LOOP_ANALYSIS = YES;
				CLANG_WARN_STRICT_PROTOTYPES = YES;
				CLANG_WARN_SUSPICIOUS_MOVE = YES;
				CLANG_WARN_UNGUARDED_AVAILABILITY = YES_AGGRESSIVE;
				CLANG_WARN_UNREACHABLE_CODE = YES;
				CLANG_WARN__DUPLICATE_METHOD_MATCH = YES;
				COPY_PHASE_STRIP = NO;
				DEBUG_INFORMATION_FORMAT = "dwarf-with-dsym";
				ENABLE_NS_ASSERTIONS = NO;
				ENABLE_STRICT_OBJC_MSGSEND = YES;
				GCC_C_LANGUAGE_STANDARD = gnu11;
				GCC_NO_COMMON_BLOCKS = YES;
				GCC_WARN_64_TO_32_BIT_CONVERSION = YES;
				GCC_WARN_ABOUT_RETURN_TYPE = YES_ERROR;
				GCC_WARN_UNDECLARED_SELECTOR = YES;
				GCC_WARN_UNINITIALIZED_AUTOS = YES_AGGRESSIVE;
				GCC_WARN_UNUSED_FUNCTION = YES;
				GCC_WARN_UNUSED_VARIABLE = YES;
				IPHONEOS_DEPLOYMENT_TARGET = 14.5;
				MTL_ENABLE_DEBUG_INFO = NO;
				MTL_FAST_MATH = YES;
				SDKROOT = iphoneos;
				SWIFT_COMPILATION_MODE = wholemodule;
				SWIFT_OPTIMIZATION_LEVEL = "-O";
				VALIDATE_PRODUCT = YES;
			};
			name = Release;
		};
		05D914B92694CEFA00678B58 /* Debug */ = {
			isa = XCBuildConfiguration;
			buildSettings = {
				ASSETCATALOG_COMPILER_APPICON_NAME = AppIcon;
				ASSETCATALOG_COMPILER_GLOBAL_ACCENT_COLOR_NAME = AccentColor;
				CODE_SIGN_STYLE = Automatic;
				DEVELOPMENT_ASSET_PATHS = "\"coursesApp/Preview Content\"";
				DEVELOPMENT_TEAM = 62TMF67TC9;
				ENABLE_PREVIEWS = YES;
				INFOPLIST_FILE = coursesApp/Info.plist;
				IPHONEOS_DEPLOYMENT_TARGET = 14.3;
				LD_RUNPATH_SEARCH_PATHS = (
					"$(inherited)",
					"@executable_path/Frameworks",
				);
				PRODUCT_BUNDLE_IDENTIFIER = com.amit.amit.coursesApp;
				PRODUCT_NAME = "$(TARGET_NAME)";
				SWIFT_VERSION = 5.0;
				TARGETED_DEVICE_FAMILY = "1,2";
			};
			name = Debug;
		};
		05D914BA2694CEFA00678B58 /* Release */ = {
			isa = XCBuildConfiguration;
			buildSettings = {
				ASSETCATALOG_COMPILER_APPICON_NAME = AppIcon;
				ASSETCATALOG_COMPILER_GLOBAL_ACCENT_COLOR_NAME = AccentColor;
				CODE_SIGN_STYLE = Automatic;
				DEVELOPMENT_ASSET_PATHS = "\"coursesApp/Preview Content\"";
				DEVELOPMENT_TEAM = 62TMF67TC9;
				ENABLE_PREVIEWS = YES;
				INFOPLIST_FILE = coursesApp/Info.plist;
				IPHONEOS_DEPLOYMENT_TARGET = 14.3;
				LD_RUNPATH_SEARCH_PATHS = (
					"$(inherited)",
					"@executable_path/Frameworks",
				);
				PRODUCT_BUNDLE_IDENTIFIER = com.amit.amit.coursesApp;
				PRODUCT_NAME = "$(TARGET_NAME)";
				SWIFT_VERSION = 5.0;
				TARGETED_DEVICE_FAMILY = "1,2";
			};
			name = Release;
		};
		05D914BC2694CEFA00678B58 /* Debug */ = {
			isa = XCBuildConfiguration;
			buildSettings = {
				ALWAYS_EMBED_SWIFT_STANDARD_LIBRARIES = YES;
				BUNDLE_LOADER = "$(TEST_HOST)";
				CODE_SIGN_STYLE = Automatic;
				DEVELOPMENT_TEAM = 62TMF67TC9;
				INFOPLIST_FILE = coursesAppTests/Info.plist;
				IPHONEOS_DEPLOYMENT_TARGET = 14.5;
				LD_RUNPATH_SEARCH_PATHS = (
					"$(inherited)",
					"@executable_path/Frameworks",
					"@loader_path/Frameworks",
				);
				PRODUCT_BUNDLE_IDENTIFIER = com.amit.amit.coursesAppTests;
				PRODUCT_NAME = "$(TARGET_NAME)";
				SWIFT_VERSION = 5.0;
				TARGETED_DEVICE_FAMILY = "1,2";
				TEST_HOST = "$(BUILT_PRODUCTS_DIR)/coursesApp.app/coursesApp";
			};
			name = Debug;
		};
		05D914BD2694CEFA00678B58 /* Release */ = {
			isa = XCBuildConfiguration;
			buildSettings = {
				ALWAYS_EMBED_SWIFT_STANDARD_LIBRARIES = YES;
				BUNDLE_LOADER = "$(TEST_HOST)";
				CODE_SIGN_STYLE = Automatic;
				DEVELOPMENT_TEAM = 62TMF67TC9;
				INFOPLIST_FILE = coursesAppTests/Info.plist;
				IPHONEOS_DEPLOYMENT_TARGET = 14.5;
				LD_RUNPATH_SEARCH_PATHS = (
					"$(inherited)",
					"@executable_path/Frameworks",
					"@loader_path/Frameworks",
				);
				PRODUCT_BUNDLE_IDENTIFIER = com.amit.amit.coursesAppTests;
				PRODUCT_NAME = "$(TARGET_NAME)";
				SWIFT_VERSION = 5.0;
				TARGETED_DEVICE_FAMILY = "1,2";
				TEST_HOST = "$(BUILT_PRODUCTS_DIR)/coursesApp.app/coursesApp";
			};
			name = Release;
		};
		05D914BF2694CEFA00678B58 /* Debug */ = {
			isa = XCBuildConfiguration;
			buildSettings = {
				ALWAYS_EMBED_SWIFT_STANDARD_LIBRARIES = YES;
				CODE_SIGN_STYLE = Automatic;
				DEVELOPMENT_TEAM = 62TMF67TC9;
				INFOPLIST_FILE = coursesAppUITests/Info.plist;
				LD_RUNPATH_SEARCH_PATHS = (
					"$(inherited)",
					"@executable_path/Frameworks",
					"@loader_path/Frameworks",
				);
				PRODUCT_BUNDLE_IDENTIFIER = com.amit.amit.coursesAppUITests;
				PRODUCT_NAME = "$(TARGET_NAME)";
				SWIFT_VERSION = 5.0;
				TARGETED_DEVICE_FAMILY = "1,2";
				TEST_TARGET_NAME = coursesApp;
			};
			name = Debug;
		};
		05D914C02694CEFA00678B58 /* Release */ = {
			isa = XCBuildConfiguration;
			buildSettings = {
				ALWAYS_EMBED_SWIFT_STANDARD_LIBRARIES = YES;
				CODE_SIGN_STYLE = Automatic;
				DEVELOPMENT_TEAM = 62TMF67TC9;
				INFOPLIST_FILE = coursesAppUITests/Info.plist;
				LD_RUNPATH_SEARCH_PATHS = (
					"$(inherited)",
					"@executable_path/Frameworks",
					"@loader_path/Frameworks",
				);
				PRODUCT_BUNDLE_IDENTIFIER = com.amit.amit.coursesAppUITests;
				PRODUCT_NAME = "$(TARGET_NAME)";
				SWIFT_VERSION = 5.0;
				TARGETED_DEVICE_FAMILY = "1,2";
				TEST_TARGET_NAME = coursesApp;
			};
			name = Release;
		};
/* End XCBuildConfiguration section */

/* Begin XCConfigurationList section */
		05D914892694CEF700678B58 /* Build configuration list for PBXProject "coursesApp" */ = {
			isa = XCConfigurationList;
			buildConfigurations = (
				05D914B62694CEFA00678B58 /* Debug */,
				05D914B72694CEFA00678B58 /* Release */,
			);
			defaultConfigurationIsVisible = 0;
			defaultConfigurationName = Release;
		};
		05D914B82694CEFA00678B58 /* Build configuration list for PBXNativeTarget "coursesApp" */ = {
			isa = XCConfigurationList;
			buildConfigurations = (
				05D914B92694CEFA00678B58 /* Debug */,
				05D914BA2694CEFA00678B58 /* Release */,
			);
			defaultConfigurationIsVisible = 0;
			defaultConfigurationName = Release;
		};
		05D914BB2694CEFA00678B58 /* Build configuration list for PBXNativeTarget "coursesAppTests" */ = {
			isa = XCConfigurationList;
			buildConfigurations = (
				05D914BC2694CEFA00678B58 /* Debug */,
				05D914BD2694CEFA00678B58 /* Release */,
			);
			defaultConfigurationIsVisible = 0;
			defaultConfigurationName = Release;
		};
		05D914BE2694CEFA00678B58 /* Build configuration list for PBXNativeTarget "coursesAppUITests" */ = {
			isa = XCConfigurationList;
			buildConfigurations = (
				05D914BF2694CEFA00678B58 /* Debug */,
				05D914C02694CEFA00678B58 /* Release */,
			);
			defaultConfigurationIsVisible = 0;
			defaultConfigurationName = Release;
		};
/* End XCConfigurationList section */
	};
	rootObject = 05D914862694CEF700678B58 /* Project object */;
}
